
Microsoft Visual Studio Solution File, Format Version 12.00
# Visual Studio 15
VisualStudioVersion = 15.0.28307.168
MinimumVisualStudioVersion = 10.0.40219.1
Project("{8BC9CEB8-8B4A-11D0-8D11-00A0C91BC942}") = "hamiltonian circuit", "hamiltonian circuit\hamiltonian circuit.vcxproj", "{BBE57A34-7E6F-4D46-AE3F-295D976852C5}"
EndProject
Global
	GlobalSection(SolutionConfigurationPlatforms) = preSolution
		Debug|x64 = Debug|x64
		Debug|x86 = Debug|x86
		Release|x64 = Release|x64
		Release|x86 = Release|x86
	EndGlobalSection
	GlobalSection(ProjectConfigurationPlatforms) = postSolution
		{BBE57A34-7E6F-4D46-AE3F-295D976852C5}.Debug|x64.ActiveCfg = Debug|x64
		{BBE57A34-7E6F-4D46-AE3F-295D976852C5}.Debug|x64.Build.0 = Debug|x64
		{BBE57A34-7E6F-4D46-AE3F-295D976852C5}.Debug|x86.ActiveCfg = Debug|Win32
		{BBE57A34-7E6F-4D46-AE3F-295D976852C5}.Debug|x86.Build.0 = Debug|Win32
		{BBE57A34-7E6F-4D46-AE3F-295D976852C5}.Release|x64.ActiveCfg = Release|x64
		{BBE57A34-7E6F-4D46-AE3F-295D976852C5}.Release|x64.Build.0 = Release|x64
		{BBE57A34-7E6F-4D46-AE3F-295D976852C5}.Release|x86.ActiveCfg = Release|Win32
		{BBE57A34-7E6F-4D46-AE3F-295D976852C5}.Release|x86.Build.0 = Release|Win32
	EndGlobalSection
	GlobalSection(SolutionProperties) = preSolution
		HideSolutionNode = FALSE
	EndGlobalSection
	GlobalSection(ExtensibilityGlobals) = postSolution
		SolutionGuid = {3D381F74-5F52-4B7D-A353-780117575FBB}
	EndGlobalSection
EndGlobal
